{
    "_meta": {
        "hash": {
            "sha256": "5139c577fb3c78305b1b433b3bd42d8ef79e894bd57dcb0554e24709dcc4e107"
        },
        "pipfile-spec": 6,
        "requires": {
            "python_version": "3.7"
        },
        "sources": [
            {
                "name": "pypi",
                "url": "https://pypi.tuna.tsinghua.edu.cn/simple",
                "verify_ssl": true
            }
        ]
    },
    "default": {
        "aliyun-python-sdk-core": {
            "hashes": [
                "sha256:15bab6bab827a3ea737fb1618e44866a7d7af54ba4cf60d086a65718ef43ff19",
                "sha256:e671698c2d4ae257535d0ac9dbc2e2402cf46faf9cc825b6b2f62eeff81a897c"
            ],
            "version": "==2.13.10"
        },
        "aliyun-python-sdk-core-v3": {
            "hashes": [
                "sha256:2140eb92ec8e05b59f9594f23f85adc491df716c78b50266444eb901a054bed8",
                "sha256:facef3c80fac43e1f10144be342f824c6ee79e39387c26b2b8e4502fff23d079"
            ],
            "index": "pypi",
            "version": "==2.13.10"
        },
        "aliyun-python-sdk-kms": {
            "hashes": [
                "sha256:f5d6b97382dabac81ed1acfc438548dc0c4b8e22d85dc3a5b3f1c4dd53595b0f"
            ],
            "version": "==2.8.0"
        },
        "aliyun-python-sdk-sts": {
            "hashes": [
                "sha256:b96c966afc698a2ab3f6508fe91f89dd2ff0d04d20e0db5bca2729a242ecc9ff"
            ],
            "index": "pypi",
            "version": "==3.0.1"
        },
        "certifi": {
            "hashes": [
                "sha256:e4f3620cfea4f83eedc95b24abd9cd56f3c4b146dd0177e83a21b4eb49e21e50",
                "sha256:fd7c7c74727ddcf00e9acd26bba8da604ffec95bf1c2144e67aff7a8b50e6cef"
            ],
            "version": "==2019.9.11"
        },
        "chardet": {
            "hashes": [
                "sha256:84ab92ed1c4d4f16916e05906b6b75a6c0fb5db821cc65e70cbd64a3e2a5eaae",
                "sha256:fc323ffcaeaed0e0a02bf4d117757b98aed530d9ed4531e3e15460124c106691"
            ],
            "version": "==3.0.4"
        },
        "crcmod": {
            "hashes": [
                "sha256:dc7051a0db5f2bd48665a990d3ec1cc305a466a77358ca4492826f41f283601e"
            ],
            "version": "==1.7"
        },
        "django": {
            "hashes": [
                "sha256:97886b8a13bbc33bfeba2ff133035d3eca014e2309dff2b6da0bdfc0b8656613",
                "sha256:e900b73beee8977c7b887d90c6c57d68af10066b9dac898e1eaf0f82313de334"
            ],
            "index": "pypi",
            "version": "==2.0.7"
        },
        "django-cors-headers": {
            "hashes": [
                "sha256:5762ec9c2d59f38c76828dc1d4308baca4bc0d3e1d6f217683e7a24a1c4611a3",
                "sha256:ee02f4b699e9b6645602a46d0adb430ee940a1bf8df64f77e516f8d7711fee60"
            ],
            "index": "pypi",
            "version": "==3.1.1"
        },
        "djangorestframework": {
            "hashes": [
                "sha256:5488aed8f8df5ec1d70f04b2114abc52ae6729748a176c453313834a9ee179c8",
                "sha256:dc81cbf9775c6898a580f6f1f387c4777d12bd87abf0f5406018d32ccae71090"
            ],
            "index": "pypi",
            "version": "==3.10.3"
        },
        "idna": {
            "hashes": [
                "sha256:c357b3f628cf53ae2c4c05627ecc484553142ca23264e593d327bcde5e9c3407",
                "sha256:ea8b7f6188e6fa117537c3df7da9fc686d485087abf6ac197f9c46432f7e4a3c"
            ],
            "version": "==2.8"
        },
        "jmespath": {
            "hashes": [
                "sha256:3720a4b1bd659dd2eecad0666459b9788813e032b83e7ba58578e48254e0a0e6",
                "sha256:bde2aef6f44302dfb30320115b17d030798de8c4110e28d5cf6cf91a7a31074c"
            ],
            "version": "==0.9.4"
        },
        "oss2": {
            "hashes": [
                "sha256:8dc551e657ea967e83ba14a0f1c69c755467bb188dab3dd96cad58e7af0eed4c"
            ],
            "index": "pypi",
            "version": "==2.8.0"
        },
        "pillow": {
            "hashes": [
                "sha256:047d9473cf68af50ac85f8ee5d5f21a60f849bc17d348da7fc85711287a75031",
                "sha256:0f66dc6c8a3cc319561a633b6aa82c44107f12594643efa37210d8c924fc1c71",
                "sha256:12c9169c4e8fe0a7329e8658c7e488001f6b4c8e88740e76292c2b857af2e94c",
                "sha256:248cffc168896982f125f5c13e9317c059f74fffdb4152893339f3be62a01340",
                "sha256:27faf0552bf8c260a5cee21a76e031acaea68babb64daf7e8f2e2540745082aa",
                "sha256:285edafad9bc60d96978ed24d77cdc0b91dace88e5da8c548ba5937c425bca8b",
                "sha256:384b12c9aa8ef95558abdcb50aada56d74bc7cc131dd62d28c2d0e4d3aadd573",
                "sha256:38950b3a707f6cef09cd3cbb142474357ad1a985ceb44d921bdf7b4647b3e13e",
                "sha256:4aad1b88933fd6dc2846552b89ad0c74ddbba2f0884e2c162aa368374bf5abab",
                "sha256:4ac6148008c169603070c092e81f88738f1a0c511e07bd2bb0f9ef542d375da9",
                "sha256:4deb1d2a45861ae6f0b12ea0a786a03d19d29edcc7e05775b85ec2877cb54c5e",
                "sha256:59aa2c124df72cc75ed72c8d6005c442d4685691a30c55321e00ed915ad1a291",
                "sha256:5a47d2123a9ec86660fe0e8d0ebf0aa6bc6a17edc63f338b73ea20ba11713f12",
                "sha256:5cc901c2ab9409b4b7ac7b5bcc3e86ac14548627062463da0af3b6b7c555a871",
                "sha256:6c1db03e8dff7b9f955a0fb9907eb9ca5da75b5ce056c0c93d33100a35050281",
                "sha256:7ce80c0a65a6ea90ef9c1f63c8593fcd2929448613fc8da0adf3e6bfad669d08",
                "sha256:809c19241c14433c5d6135e1b6c72da4e3b56d5c865ad5736ab99af8896b8f41",
                "sha256:83792cb4e0b5af480588601467c0764242b9a483caea71ef12d22a0d0d6bdce2",
                "sha256:846fa202bd7ee0f6215c897a1d33238ef071b50766339186687bd9b7a6d26ac5",
                "sha256:9f5529fc02009f96ba95bea48870173426879dc19eec49ca8e08cd63ecd82ddb",
                "sha256:a423c2ea001c6265ed28700df056f75e26215fd28c001e93ef4380b0f05f9547",
                "sha256:ac4428094b42907aba5879c7c000d01c8278d451a3b7cccd2103e21f6397ea75",
                "sha256:b1ae48d87f10d1384e5beecd169c77502fcc04a2c00a4c02b85f0a94b419e5f9",
                "sha256:bf4e972a88f8841d8fdc6db1a75e0f8d763e66e3754b03006cbc3854d89f1cb1",
                "sha256:c6414f6aad598364aaf81068cabb077894eb88fed99c6a65e6e8217bab62ae7a",
                "sha256:c710fcb7ee32f67baf25aa9ffede4795fd5d93b163ce95fdc724383e38c9df96",
                "sha256:c7be4b8a09852291c3c48d3c25d1b876d2494a0a674980089ac9d5e0d78bd132",
                "sha256:c9e5ffb910b14f090ac9c38599063e354887a5f6d7e6d26795e916b4514f2c1a",
                "sha256:e0697b826da6c2472bb6488db4c0a7fa8af0d52fa08833ceb3681358914b14e5",
                "sha256:e9a3edd5f714229d41057d56ac0f39ad9bdba6767e8c888c951869f0bdd129b0"
            ],
            "index": "pypi",
            "version": "==6.2.1"
        },
        "pycryptodome": {
            "hashes": [
                "sha256:0aa49f3fa110f8dc090bad1671a768cc17d3d3bd01566641ffc0d10d0fec8d49",
                "sha256:0fafd3c4fb76c6992f34bf2d074f582f388e3b8062b8ba5d65b020634cc221e6",
                "sha256:17eb9bd5d30a71b0c8a832e3e9cd2b7723f99907c38dc5dd23e59e8c368a70e2",
                "sha256:2776255d5c748782f095ec422d42da2eadd8392ac9de7da23db4aed4231272bd",
                "sha256:3500826dc3b9a8fdb762bebe551106081a6bdecd4181a3d1bd0206e48bba8974",
                "sha256:3aa0d30326dcdef24c632d5c03b8e4d379c6ae0645082b27dd69ea816bb97ecb",
                "sha256:3c7769bdadcc4809508e71997008912cc6d94fd7b5b1f3ef121683ebcac71d81",
                "sha256:3e8c97a38dac6dafd180b4696a522b1581dd1a8e0ea60763458be547bac97361",
                "sha256:5aca5125a46e458b308b5571ce8fe36d2229f161aa7db27b3ecacded70c6aa8b",
                "sha256:62beb75f0688f406946312bfef8923d8ab23f5b8013acded931413625299d317",
                "sha256:7725643de3c884a9945a086670787dce637037f32c5c2df7fd602bd5967f3486",
                "sha256:872191a02a0c2a3b98dc75c62b32912b220a8ae5ff6ac9e39868f903f55dd6a4",
                "sha256:8c501e80960d12328d49e1d409daf426f29364a37c602f257c99509999654650",
                "sha256:9512638bfef8ffc94c62751965a4733c3792104dc84771ba54ce0f80f49134df",
                "sha256:962043051afa7a5ab071b0d8996dc00e564327a18566d3e574a39cb6e097b462",
                "sha256:9db72b18b30902a83fa57b0d7dae4ce24f85186695e3bea0d423f1ec7c5b3fbe",
                "sha256:9ffd4f0bfb5949dfa0e5cedef836364f18da0deb2fba04671607fb3b59b29112",
                "sha256:a26819f693cf5fc0a2373a3e4b91c38e359cad9f00020a885b667c77f28738d5",
                "sha256:a3efc575a53511c48361d933e12e07c2eb940db1afda0995285176c372ab7352",
                "sha256:ababd6685b9d94729a851a0615482156afdacbeaabeea60f67961db0e975b1af",
                "sha256:b0e9c8c270cd3f8c73b53139f0708f257189a00bbc898be6d3f03995e5f7edc2",
                "sha256:b74173b13c221ee96b608212b9adc2c459a73d3632f04490df42e4f07e7041e6",
                "sha256:bed297f75ba19cefe2d10beb4959f4f8cb62c2560a3998ad87479485098ee939",
                "sha256:c639f09e8ce8ad5af9884233f952ade4b73a11b7d41d3b9bb7d4e64d9e1df164",
                "sha256:c7bc308be67288af1cd44668d59e36356f0ce518337899079ddb0235bd55db79",
                "sha256:cca152dcebc318833ba70499190ce17ee81b525404e2a7548c77f52b439306a7",
                "sha256:d5261d22bc3a54db26f11dabcda14bbaab72080977e083d795b4b1d1b510c774",
                "sha256:d81111e3da7fc9eee825ba7d8a68b3c1464f41110ef98a7280e0c7fb82c91e73",
                "sha256:d95fafa899abb9f82e55ff43f423e100784312b43932514f2c05d41cbb20323e",
                "sha256:de411a64d4105d4424441833bd25943208e58c846abf981bba5bbeeba88a49c3",
                "sha256:e02c7b3d05b88ff1a236e49a252b2bf8444d3a1d04a056784af766c0909eba36",
                "sha256:fbafe9b01b717e0bfbc83cd740ff5bf5cdd3f208815be470ea203942b899bbdf"
            ],
            "version": "==3.9.1"
        },
        "pytz": {
            "hashes": [
                "sha256:1c557d7d0e871de1f5ccd5833f60fb2550652da6be2693c1e02300743d21500d",
                "sha256:b02c06db6cf09c12dd25137e563b31700d3b80fcc4ad23abb7a315f2789819be"
            ],
            "version": "==2019.3"
        },
        "requests": {
            "hashes": [
                "sha256:11e007a8a2aa0323f5a921e9e6a2d7e4e67d9877e85773fba9ba6419025cbeb4",
                "sha256:9cf5292fcd0f598c671cfc1e0d7d1a7f13bb8085e9a590f48c010551dc6c4b31"
            ],
            "version": "==2.22.0"
        },
        "urllib3": {
            "hashes": [
                "sha256:3de946ffbed6e6746608990594d08faac602528ac7015ac28d33cee6a45b7398",
                "sha256:9a107b99a5393caf59c7aa3c1249c16e6879447533d0887f4336dde834c7be86"
            ],
            "version": "==1.25.6"
        }
    },
    "develop": {}
}
